Microsoft Visual Studio Solution File, Format Version 8.00
Project("{8BC9CEB8-8B4A-11D0-8D11-00A0C91BC942}") = "bindings_c", "BINDINGS\F90\bindings_c.vcproj", "{B4450F68-8612-4382-8EB5-DE671B8AA591}"
	ProjectSection(ProjectDependencies) = postProject
	EndProjectSection
EndProject
Project("{8BC9CEB8-8B4A-11D0-8D11-00A0C91BC942}") = "classes_c", "LIBCLASSES\classes_c.vcproj", "{1D01C0D7-2F06-44EE-B369-2B8CC9782DF6}"
	ProjectSection(ProjectDependencies) = postProject
	EndProjectSection
EndProject
Project("{8BC9CEB8-8B4A-11D0-8D11-00A0C91BC942}") = "libisisexc", "libisisexc.vcproj", "{3EB252C1-9E91-444F-B3D1-7E9314C0D88A}"
	ProjectSection(ProjectDependencies) = postProject
		{29DDF618-322C-450E-B803-B33031F3F194} = {29DDF618-322C-450E-B803-B33031F3F194}
		{A92AFE51-0303-4131-B8B5-B084A4084721} = {A92AFE51-0303-4131-B8B5-B084A4084721}
		{F929B559-BE32-4411-8CDE-D7C6BBB2FF79} = {F929B559-BE32-4411-8CDE-D7C6BBB2FF79}
		{B7B97D7E-7E9B-4508-A322-6C686E6B4B1D} = {B7B97D7E-7E9B-4508-A322-6C686E6B4B1D}
		{9076957F-2DC3-429D-94E8-97F6A8F2C5E0} = {9076957F-2DC3-429D-94E8-97F6A8F2C5E0}
		{1D01C0D7-2F06-44EE-B369-2B8CC9782DF6} = {1D01C0D7-2F06-44EE-B369-2B8CC9782DF6}
	EndProjectSection
EndProject
Project("{8BC9CEB8-8B4A-11D0-8D11-00A0C91BC942}") = "matlab_c", "bindings\matlab\matlab_c.vcproj", "{F929B559-BE32-4411-8CDE-D7C6BBB2FF79}"
	ProjectSection(ProjectDependencies) = postProject
		{A92AFE51-0303-4131-B8B5-B084A4084721} = {A92AFE51-0303-4131-B8B5-B084A4084721}
	EndProjectSection
EndProject
Project("{6989167D-11E4-40FE-8C1A-2192A86A7E90}") = "matlab_f90", "bindings\matlab\matlab_f90.vfproj", "{A92AFE51-0303-4131-B8B5-B084A4084721}"
	ProjectSection(ProjectDependencies) = postProject
		{9076957F-2DC3-429D-94E8-97F6A8F2C5E0} = {9076957F-2DC3-429D-94E8-97F6A8F2C5E0}
	EndProjectSection
EndProject
Project("{6989167D-11E4-40FE-8C1A-2192A86A7E90}") = "core_f90", "libcore\core_f90.vfproj", "{B7B97D7E-7E9B-4508-A322-6C686E6B4B1D}"
	ProjectSection(ProjectDependencies) = postProject
		{29DDF618-322C-450E-B803-B33031F3F194} = {29DDF618-322C-450E-B803-B33031F3F194}
	EndProjectSection
EndProject
Project("{6989167D-11E4-40FE-8C1A-2192A86A7E90}") = "classes_test", "tests\classes_test.vfproj", "{F96CF121-0BDC-4E30-AFE6-A2D6802F1331}"
	ProjectSection(ProjectDependencies) = postProject
		{29DDF618-322C-450E-B803-B33031F3F194} = {29DDF618-322C-450E-B803-B33031F3F194}
		{E9D0993D-F093-4216-A8F8-6C28072B8E6B} = {E9D0993D-F093-4216-A8F8-6C28072B8E6B}
		{B4450F68-8612-4382-8EB5-DE671B8AA591} = {B4450F68-8612-4382-8EB5-DE671B8AA591}
		{B7B97D7E-7E9B-4508-A322-6C686E6B4B1D} = {B7B97D7E-7E9B-4508-A322-6C686E6B4B1D}
		{9076957F-2DC3-429D-94E8-97F6A8F2C5E0} = {9076957F-2DC3-429D-94E8-97F6A8F2C5E0}
		{1D01C0D7-2F06-44EE-B369-2B8CC9782DF6} = {1D01C0D7-2F06-44EE-B369-2B8CC9782DF6}
	EndProjectSection
EndProject
Project("{6989167D-11E4-40FE-8C1A-2192A86A7E90}") = "classes_f90", "libclasses\classes_f90.vfproj", "{9076957F-2DC3-429D-94E8-97F6A8F2C5E0}"
	ProjectSection(ProjectDependencies) = postProject
		{B7B97D7E-7E9B-4508-A322-6C686E6B4B1D} = {B7B97D7E-7E9B-4508-A322-6C686E6B4B1D}
		{1D01C0D7-2F06-44EE-B369-2B8CC9782DF6} = {1D01C0D7-2F06-44EE-B369-2B8CC9782DF6}
	EndProjectSection
EndProject
Project("{6989167D-11E4-40FE-8C1A-2192A86A7E90}") = "bindings_f90", "bindings\f90\bindings_f90.vfproj", "{E9D0993D-F093-4216-A8F8-6C28072B8E6B}"
	ProjectSection(ProjectDependencies) = postProject
		{B4450F68-8612-4382-8EB5-DE671B8AA591} = {B4450F68-8612-4382-8EB5-DE671B8AA591}
		{9076957F-2DC3-429D-94E8-97F6A8F2C5E0} = {9076957F-2DC3-429D-94E8-97F6A8F2C5E0}
	EndProjectSection
EndProject
Project("{6989167D-11E4-40FE-8C1A-2192A86A7E90}") = "core_test", "tests\core_test.vfproj", "{34B34831-C3AE-4C0A-A0D0-76DA214FE322}"
	ProjectSection(ProjectDependencies) = postProject
		{29DDF618-322C-450E-B803-B33031F3F194} = {29DDF618-322C-450E-B803-B33031F3F194}
		{E9D0993D-F093-4216-A8F8-6C28072B8E6B} = {E9D0993D-F093-4216-A8F8-6C28072B8E6B}
		{B4450F68-8612-4382-8EB5-DE671B8AA591} = {B4450F68-8612-4382-8EB5-DE671B8AA591}
		{B7B97D7E-7E9B-4508-A322-6C686E6B4B1D} = {B7B97D7E-7E9B-4508-A322-6C686E6B4B1D}
	EndProjectSection
EndProject
Project("{8BC9CEB8-8B4A-11D0-8D11-00A0C91BC942}") = "python_c", "bindings\python\python_c\python_c.vcproj", "{55019E4E-628F-4AAA-B0B3-6329559F91FA}"
	ProjectSection(ProjectDependencies) = postProject
		{D094970C-FFC9-4FE5-806F-9545FC459AD0} = {D094970C-FFC9-4FE5-806F-9545FC459AD0}
		{AC6C53D6-A482-4F02-AB7C-38B363B8174A} = {AC6C53D6-A482-4F02-AB7C-38B363B8174A}
	EndProjectSection
EndProject
Project("{6989167D-11E4-40FE-8C1A-2192A86A7E90}") = "python_f90", "bindings\python\python_f90\python_f90.vfproj", "{AC6C53D6-A482-4F02-AB7C-38B363B8174A}"
	ProjectSection(ProjectDependencies) = postProject
		{9076957F-2DC3-429D-94E8-97F6A8F2C5E0} = {9076957F-2DC3-429D-94E8-97F6A8F2C5E0}
	EndProjectSection
EndProject
Project("{8BC9CEB8-8B4A-11D0-8D11-00A0C91BC942}") = "generic_c", "bindings\generic\generic_c\generic_c.vcproj", "{D094970C-FFC9-4FE5-806F-9545FC459AD0}"
	ProjectSection(ProjectDependencies) = postProject
	EndProjectSection
EndProject
Project("{6989167D-11E4-40FE-8C1A-2192A86A7E90}") = "generic_f90", "bindings\generic\generic_f90\generic_f90.vfproj", "{32C8C110-5044-47CB-A671-608BC97B0EEB}"
	ProjectSection(ProjectDependencies) = postProject
	EndProjectSection
EndProject
Project("{8BC9CEB8-8B4A-11D0-8D11-00A0C91BC942}") = "core_c", "libcore\core_c\core_c.vcproj", "{29DDF618-322C-450E-B803-B33031F3F194}"
	ProjectSection(ProjectDependencies) = postProject
	EndProjectSection
EndProject
Project("{6989167D-11E4-40FE-8C1A-2192A86A7E90}") = "xml", "xml\xml.vfproj", "{082168EC-D077-408E-980C-22B3825CED31}"
	ProjectSection(ProjectDependencies) = postProject
		{29DDF618-322C-450E-B803-B33031F3F194} = {29DDF618-322C-450E-B803-B33031F3F194}
		{E9D0993D-F093-4216-A8F8-6C28072B8E6B} = {E9D0993D-F093-4216-A8F8-6C28072B8E6B}
		{B4450F68-8612-4382-8EB5-DE671B8AA591} = {B4450F68-8612-4382-8EB5-DE671B8AA591}
		{B7B97D7E-7E9B-4508-A322-6C686E6B4B1D} = {B7B97D7E-7E9B-4508-A322-6C686E6B4B1D}
		{9076957F-2DC3-429D-94E8-97F6A8F2C5E0} = {9076957F-2DC3-429D-94E8-97F6A8F2C5E0}
		{1D01C0D7-2F06-44EE-B369-2B8CC9782DF6} = {1D01C0D7-2F06-44EE-B369-2B8CC9782DF6}
	EndProjectSection
EndProject
Project("{54435603-DBB4-11D2-8724-00A0C9A8B90C}") = "win_install_kit", "win_install_kit\win_install_kit.vdproj", "{00896FD7-5F65-4015-BC7B-1F03D2708A31}"
	ProjectSection(ProjectDependencies) = postProject
		{29DDF618-322C-450E-B803-B33031F3F194} = {29DDF618-322C-450E-B803-B33031F3F194}
		{E9D0993D-F093-4216-A8F8-6C28072B8E6B} = {E9D0993D-F093-4216-A8F8-6C28072B8E6B}
		{A92AFE51-0303-4131-B8B5-B084A4084721} = {A92AFE51-0303-4131-B8B5-B084A4084721}
		{F929B559-BE32-4411-8CDE-D7C6BBB2FF79} = {F929B559-BE32-4411-8CDE-D7C6BBB2FF79}
		{B4450F68-8612-4382-8EB5-DE671B8AA591} = {B4450F68-8612-4382-8EB5-DE671B8AA591}
		{B7B97D7E-7E9B-4508-A322-6C686E6B4B1D} = {B7B97D7E-7E9B-4508-A322-6C686E6B4B1D}
		{9076957F-2DC3-429D-94E8-97F6A8F2C5E0} = {9076957F-2DC3-429D-94E8-97F6A8F2C5E0}
		{3EB252C1-9E91-444F-B3D1-7E9314C0D88A} = {3EB252C1-9E91-444F-B3D1-7E9314C0D88A}
		{1D01C0D7-2F06-44EE-B369-2B8CC9782DF6} = {1D01C0D7-2F06-44EE-B369-2B8CC9782DF6}
	EndProjectSection
EndProject
Project("{6989167D-11E4-40FE-8C1A-2192A86A7E90}") = "unit_tests", "unit_tests\unit_tests.vfproj", "{DC15E55A-E28A-40E9-A0C6-F2B74699BC8E}"
	ProjectSection(ProjectDependencies) = postProject
		{29DDF618-322C-450E-B803-B33031F3F194} = {29DDF618-322C-450E-B803-B33031F3F194}
		{E9D0993D-F093-4216-A8F8-6C28072B8E6B} = {E9D0993D-F093-4216-A8F8-6C28072B8E6B}
		{B4450F68-8612-4382-8EB5-DE671B8AA591} = {B4450F68-8612-4382-8EB5-DE671B8AA591}
		{B7B97D7E-7E9B-4508-A322-6C686E6B4B1D} = {B7B97D7E-7E9B-4508-A322-6C686E6B4B1D}
		{9076957F-2DC3-429D-94E8-97F6A8F2C5E0} = {9076957F-2DC3-429D-94E8-97F6A8F2C5E0}
		{1D01C0D7-2F06-44EE-B369-2B8CC9782DF6} = {1D01C0D7-2F06-44EE-B369-2B8CC9782DF6}
	EndProjectSection
EndProject
Global
	GlobalSection(SolutionConfiguration) = preSolution
		Debug = Debug
		Release = Release
	EndGlobalSection
	GlobalSection(ProjectConfiguration) = postSolution
		{B4450F68-8612-4382-8EB5-DE671B8AA591}.Debug.ActiveCfg = Debug|Win32
		{B4450F68-8612-4382-8EB5-DE671B8AA591}.Debug.Build.0 = Debug|Win32
		{B4450F68-8612-4382-8EB5-DE671B8AA591}.Release.ActiveCfg = Release|Win32
		{B4450F68-8612-4382-8EB5-DE671B8AA591}.Release.Build.0 = Release|Win32
		{1D01C0D7-2F06-44EE-B369-2B8CC9782DF6}.Debug.ActiveCfg = Debug|Win32
		{1D01C0D7-2F06-44EE-B369-2B8CC9782DF6}.Debug.Build.0 = Debug|Win32
		{1D01C0D7-2F06-44EE-B369-2B8CC9782DF6}.Release.ActiveCfg = Release|Win32
		{1D01C0D7-2F06-44EE-B369-2B8CC9782DF6}.Release.Build.0 = Release|Win32
		{3EB252C1-9E91-444F-B3D1-7E9314C0D88A}.Debug.ActiveCfg = Debug|Win32
		{3EB252C1-9E91-444F-B3D1-7E9314C0D88A}.Debug.Build.0 = Debug|Win32
		{3EB252C1-9E91-444F-B3D1-7E9314C0D88A}.Release.ActiveCfg = Release|Win32
		{3EB252C1-9E91-444F-B3D1-7E9314C0D88A}.Release.Build.0 = Release|Win32
		{F929B559-BE32-4411-8CDE-D7C6BBB2FF79}.Debug.ActiveCfg = Debug|Win32
		{F929B559-BE32-4411-8CDE-D7C6BBB2FF79}.Debug.Build.0 = Debug|Win32
		{F929B559-BE32-4411-8CDE-D7C6BBB2FF79}.Release.ActiveCfg = Release|Win32
		{F929B559-BE32-4411-8CDE-D7C6BBB2FF79}.Release.Build.0 = Release|Win32
		{A92AFE51-0303-4131-B8B5-B084A4084721}.Debug.ActiveCfg = Debug|Win32
		{A92AFE51-0303-4131-B8B5-B084A4084721}.Debug.Build.0 = Debug|Win32
		{A92AFE51-0303-4131-B8B5-B084A4084721}.Release.ActiveCfg = Release|Win32
		{A92AFE51-0303-4131-B8B5-B084A4084721}.Release.Build.0 = Release|Win32
		{B7B97D7E-7E9B-4508-A322-6C686E6B4B1D}.Debug.ActiveCfg = Debug|Win32
		{B7B97D7E-7E9B-4508-A322-6C686E6B4B1D}.Debug.Build.0 = Debug|Win32
		{B7B97D7E-7E9B-4508-A322-6C686E6B4B1D}.Release.ActiveCfg = Release|Win32
		{B7B97D7E-7E9B-4508-A322-6C686E6B4B1D}.Release.Build.0 = Release|Win32
		{F96CF121-0BDC-4E30-AFE6-A2D6802F1331}.Debug.ActiveCfg = Debug|Win32
		{F96CF121-0BDC-4E30-AFE6-A2D6802F1331}.Debug.Build.0 = Debug|Win32
		{F96CF121-0BDC-4E30-AFE6-A2D6802F1331}.Release.ActiveCfg = Release|Win32
		{F96CF121-0BDC-4E30-AFE6-A2D6802F1331}.Release.Build.0 = Release|Win32
		{9076957F-2DC3-429D-94E8-97F6A8F2C5E0}.Debug.ActiveCfg = Debug|Win32
		{9076957F-2DC3-429D-94E8-97F6A8F2C5E0}.Debug.Build.0 = Debug|Win32
		{9076957F-2DC3-429D-94E8-97F6A8F2C5E0}.Release.ActiveCfg = Release|Win32
		{9076957F-2DC3-429D-94E8-97F6A8F2C5E0}.Release.Build.0 = Release|Win32
		{E9D0993D-F093-4216-A8F8-6C28072B8E6B}.Debug.ActiveCfg = Debug|Win32
		{E9D0993D-F093-4216-A8F8-6C28072B8E6B}.Debug.Build.0 = Debug|Win32
		{E9D0993D-F093-4216-A8F8-6C28072B8E6B}.Release.ActiveCfg = Release|Win32
		{E9D0993D-F093-4216-A8F8-6C28072B8E6B}.Release.Build.0 = Release|Win32
		{34B34831-C3AE-4C0A-A0D0-76DA214FE322}.Debug.ActiveCfg = Debug|Win32
		{34B34831-C3AE-4C0A-A0D0-76DA214FE322}.Debug.Build.0 = Debug|Win32
		{34B34831-C3AE-4C0A-A0D0-76DA214FE322}.Release.ActiveCfg = Release|Win32
		{34B34831-C3AE-4C0A-A0D0-76DA214FE322}.Release.Build.0 = Release|Win32
		{55019E4E-628F-4AAA-B0B3-6329559F91FA}.Debug.ActiveCfg = Debug|Win32
		{55019E4E-628F-4AAA-B0B3-6329559F91FA}.Debug.Build.0 = Debug|Win32
		{55019E4E-628F-4AAA-B0B3-6329559F91FA}.Release.ActiveCfg = Release|Win32
		{55019E4E-628F-4AAA-B0B3-6329559F91FA}.Release.Build.0 = Release|Win32
		{AC6C53D6-A482-4F02-AB7C-38B363B8174A}.Debug.ActiveCfg = Debug|Win32
		{AC6C53D6-A482-4F02-AB7C-38B363B8174A}.Debug.Build.0 = Debug|Win32
		{AC6C53D6-A482-4F02-AB7C-38B363B8174A}.Release.ActiveCfg = Release|Win32
		{AC6C53D6-A482-4F02-AB7C-38B363B8174A}.Release.Build.0 = Release|Win32
		{D094970C-FFC9-4FE5-806F-9545FC459AD0}.Debug.ActiveCfg = Debug|Win32
		{D094970C-FFC9-4FE5-806F-9545FC459AD0}.Debug.Build.0 = Debug|Win32
		{D094970C-FFC9-4FE5-806F-9545FC459AD0}.Release.ActiveCfg = Release|Win32
		{D094970C-FFC9-4FE5-806F-9545FC459AD0}.Release.Build.0 = Release|Win32
		{32C8C110-5044-47CB-A671-608BC97B0EEB}.Debug.ActiveCfg = Debug|Win32
		{32C8C110-5044-47CB-A671-608BC97B0EEB}.Debug.Build.0 = Debug|Win32
		{32C8C110-5044-47CB-A671-608BC97B0EEB}.Release.ActiveCfg = Release|Win32
		{32C8C110-5044-47CB-A671-608BC97B0EEB}.Release.Build.0 = Release|Win32
		{29DDF618-322C-450E-B803-B33031F3F194}.Debug.ActiveCfg = Debug|Win32
		{29DDF618-322C-450E-B803-B33031F3F194}.Debug.Build.0 = Debug|Win32
		{29DDF618-322C-450E-B803-B33031F3F194}.Release.ActiveCfg = Release|Win32
		{29DDF618-322C-450E-B803-B33031F3F194}.Release.Build.0 = Release|Win32
		{082168EC-D077-408E-980C-22B3825CED31}.Debug.ActiveCfg = Debug|Win32
		{082168EC-D077-408E-980C-22B3825CED31}.Debug.Build.0 = Debug|Win32
		{082168EC-D077-408E-980C-22B3825CED31}.Release.ActiveCfg = Release|Win32
		{082168EC-D077-408E-980C-22B3825CED31}.Release.Build.0 = Release|Win32
		{00896FD7-5F65-4015-BC7B-1F03D2708A31}.Debug.ActiveCfg = Debug
		{00896FD7-5F65-4015-BC7B-1F03D2708A31}.Release.ActiveCfg = Release
		{DC15E55A-E28A-40E9-A0C6-F2B74699BC8E}.Debug.ActiveCfg = Debug|Win32
		{DC15E55A-E28A-40E9-A0C6-F2B74699BC8E}.Debug.Build.0 = Debug|Win32
		{DC15E55A-E28A-40E9-A0C6-F2B74699BC8E}.Release.ActiveCfg = Release|Win32
		{DC15E55A-E28A-40E9-A0C6-F2B74699BC8E}.Release.Build.0 = Release|Win32
	EndGlobalSection
	GlobalSection(ExtensibilityGlobals) = postSolution
	EndGlobalSection
	GlobalSection(ExtensibilityAddIns) = postSolution
	EndGlobalSection
EndGlobal
